{
    "version": 3,
    "terraform_version": "0.11.7",
    "serial": 24,
    "lineage": "e19b887a-8beb-9887-9615-8d834fa07c99",
    "modules": [
        {
            "path": [
                "root"
            ],
            "outputs": {
                "app_external_ip": {
                    "sensitive": false,
                    "type": "list",
                    "value": [
                        "35.240.95.90",
                        "35.241.132.144",
                        "35.241.216.203"
                    ]
                }
            },
            "resources": {
                "google_compute_firewall.app_dockerhost": {
                    "type": "google_compute_firewall",
                    "depends_on": [],
                    "primary": {
                        "id": "allow-puma-default",
                        "attributes": {
                            "allow.#": "1",
                            "allow.272637744.ports.#": "1",
                            "allow.272637744.ports.0": "80",
                            "allow.272637744.protocol": "tcp",
                            "deny.#": "0",
                            "description": "",
                            "destination_ranges.#": "0",
                            "id": "allow-puma-default",
                            "name": "allow-puma-default",
                            "network": "https://www.googleapis.com/compute/v1/projects/docker-2-215117/global/networks/default",
                            "priority": "1000",
                            "project": "docker-2-215117",
                            "self_link": "https://www.googleapis.com/compute/v1/projects/docker-2-215117/global/firewalls/allow-puma-default",
                            "source_ranges.#": "1",
                            "source_ranges.1080289494": "0.0.0.0/0",
                            "source_service_accounts.#": "0",
                            "source_tags.#": "0",
                            "target_service_accounts.#": "0",
                            "target_tags.#": "1",
                            "target_tags.190833403": "docker-host"
                        },
                        "meta": {
                            "schema_version": "1"
                        },
                        "tainted": false
                    },
                    "deposed": [],
                    "provider": "provider.google"
                },
                "google_compute_firewall.ssh_dockerhost": {
                    "type": "google_compute_firewall",
                    "depends_on": [],
                    "primary": {
                        "id": "allow-ssh-default",
                        "attributes": {
                            "allow.#": "1",
                            "allow.803338340.ports.#": "1",
                            "allow.803338340.ports.0": "22",
                            "allow.803338340.protocol": "tcp",
                            "deny.#": "0",
                            "description": "",
                            "destination_ranges.#": "0",
                            "id": "allow-ssh-default",
                            "name": "allow-ssh-default",
                            "network": "https://www.googleapis.com/compute/v1/projects/docker-2-215117/global/networks/default",
                            "priority": "1000",
                            "project": "docker-2-215117",
                            "self_link": "https://www.googleapis.com/compute/v1/projects/docker-2-215117/global/firewalls/allow-ssh-default",
                            "source_ranges.#": "1",
                            "source_ranges.1080289494": "0.0.0.0/0",
                            "source_service_accounts.#": "0",
                            "source_tags.#": "0",
                            "target_service_accounts.#": "0",
                            "target_tags.#": "1",
                            "target_tags.190833403": "docker-host"
                        },
                        "meta": {
                            "schema_version": "1"
                        },
                        "tainted": false
                    },
                    "deposed": [],
                    "provider": "provider.google"
                },
                "google_compute_instance.dockerhost.0": {
                    "type": "google_compute_instance",
                    "depends_on": [],
                    "primary": {
                        "id": "docker-host-0",
                        "attributes": {
                            "attached_disk.#": "0",
                            "boot_disk.#": "1",
                            "boot_disk.0.auto_delete": "true",
                            "boot_disk.0.device_name": "persistent-disk-0",
                            "boot_disk.0.disk_encryption_key_raw": "",
                            "boot_disk.0.disk_encryption_key_sha256": "",
                            "boot_disk.0.initialize_params.#": "1",
                            "boot_disk.0.initialize_params.0.image": "ubuntu-1604-lts",
                            "boot_disk.0.initialize_params.0.size": "0",
                            "boot_disk.0.initialize_params.0.type": "",
                            "boot_disk.0.source": "https://www.googleapis.com/compute/v1/projects/docker-2-215117/zones/europe-west1-d/disks/docker-host-0",
                            "can_ip_forward": "false",
                            "cpu_platform": "Intel Haswell",
                            "create_timeout": "4",
                            "guest_accelerator.#": "0",
                            "id": "docker-host-0",
                            "instance_id": "8298764875610391881",
                            "label_fingerprint": "42WmSpB8rSM=",
                            "machine_type": "n1-standard-1",
                            "metadata.%": "1",
                            "metadata.ssh-keys": "scouserandrew:ssh-rsa AAAAB3NzaC1yc2EAAAADAQABAAABAQDUKvz8x2ZF50Q+bn8MkZRQi8chfo40fRibrRWqeAH3NilPsLwWHCC8htV08xTyuPUrq/CnllwuakUOywM+Jt/J9DCD7Ehj+coR60W1nWOzNfN/xRbqbBzyIZYQl7Sm9zUPUdFSL7TkYgYDHePky8l8yPivT+VjtdEc+ojxjqCgcwA7omF9SzEzZnTN8Jg/wjpr17fp/1WQR9wEdL7BYhLLXYuSteNmuQrVQw5aFEVtJ31FXr1mvM9kqSY3DBk9JalZ6K/yKXE5kOV7+lo0flx3e3MEk3HixLtc73s2m/sDXDHtGzePWVRUCv/URygS5q5kkKJtGRHGeNuUJTqvlInb scouserandrew\n",
                            "metadata_fingerprint": "bZln85N08t0=",
                            "min_cpu_platform": "",
                            "name": "docker-host-0",
                            "network_interface.#": "1",
                            "network_interface.0.access_config.#": "1",
                            "network_interface.0.access_config.0.assigned_nat_ip": "35.240.95.90",
                            "network_interface.0.access_config.0.nat_ip": "35.240.95.90",
                            "network_interface.0.address": "10.132.0.2",
                            "network_interface.0.alias_ip_range.#": "0",
                            "network_interface.0.name": "nic0",
                            "network_interface.0.network": "https://www.googleapis.com/compute/v1/projects/docker-2-215117/global/networks/default",
                            "network_interface.0.network_ip": "10.132.0.2",
                            "network_interface.0.subnetwork": "https://www.googleapis.com/compute/v1/projects/docker-2-215117/regions/europe-west1/subnetworks/default",
                            "network_interface.0.subnetwork_project": "docker-2-215117",
                            "project": "docker-2-215117",
                            "scheduling.#": "1",
                            "scheduling.0.automatic_restart": "true",
                            "scheduling.0.on_host_maintenance": "MIGRATE",
                            "scheduling.0.preemptible": "false",
                            "scratch_disk.#": "0",
                            "self_link": "https://www.googleapis.com/compute/v1/projects/docker-2-215117/zones/europe-west1-d/instances/docker-host-0",
                            "service_account.#": "0",
                            "tags.#": "1",
                            "tags.190833403": "docker-host",
                            "tags_fingerprint": "et0vOZ3yDj4=",
                            "zone": "europe-west1-d"
                        },
                        "meta": {
                            "schema_version": "6"
                        },
                        "tainted": false
                    },
                    "deposed": [],
                    "provider": "provider.google"
                },
                "google_compute_instance.dockerhost.1": {
                    "type": "google_compute_instance",
                    "depends_on": [],
                    "primary": {
                        "id": "docker-host-1",
                        "attributes": {
                            "attached_disk.#": "0",
                            "boot_disk.#": "1",
                            "boot_disk.0.auto_delete": "true",
                            "boot_disk.0.device_name": "persistent-disk-0",
                            "boot_disk.0.disk_encryption_key_raw": "",
                            "boot_disk.0.disk_encryption_key_sha256": "",
                            "boot_disk.0.initialize_params.#": "1",
                            "boot_disk.0.initialize_params.0.image": "ubuntu-1604-lts",
                            "boot_disk.0.initialize_params.0.size": "0",
                            "boot_disk.0.initialize_params.0.type": "",
                            "boot_disk.0.source": "https://www.googleapis.com/compute/v1/projects/docker-2-215117/zones/europe-west1-d/disks/docker-host-1",
                            "can_ip_forward": "false",
                            "cpu_platform": "Intel Haswell",
                            "create_timeout": "4",
                            "guest_accelerator.#": "0",
                            "id": "docker-host-1",
                            "instance_id": "6691137919270192457",
                            "label_fingerprint": "42WmSpB8rSM=",
                            "machine_type": "n1-standard-1",
                            "metadata.%": "1",
                            "metadata.ssh-keys": "scouserandrew:ssh-rsa AAAAB3NzaC1yc2EAAAADAQABAAABAQDUKvz8x2ZF50Q+bn8MkZRQi8chfo40fRibrRWqeAH3NilPsLwWHCC8htV08xTyuPUrq/CnllwuakUOywM+Jt/J9DCD7Ehj+coR60W1nWOzNfN/xRbqbBzyIZYQl7Sm9zUPUdFSL7TkYgYDHePky8l8yPivT+VjtdEc+ojxjqCgcwA7omF9SzEzZnTN8Jg/wjpr17fp/1WQR9wEdL7BYhLLXYuSteNmuQrVQw5aFEVtJ31FXr1mvM9kqSY3DBk9JalZ6K/yKXE5kOV7+lo0flx3e3MEk3HixLtc73s2m/sDXDHtGzePWVRUCv/URygS5q5kkKJtGRHGeNuUJTqvlInb scouserandrew\n",
                            "metadata_fingerprint": "bZln85N08t0=",
                            "min_cpu_platform": "",
                            "name": "docker-host-1",
                            "network_interface.#": "1",
                            "network_interface.0.access_config.#": "1",
                            "network_interface.0.access_config.0.assigned_nat_ip": "35.241.132.144",
                            "network_interface.0.access_config.0.nat_ip": "35.241.132.144",
                            "network_interface.0.address": "10.132.0.3",
                            "network_interface.0.alias_ip_range.#": "0",
                            "network_interface.0.name": "nic0",
                            "network_interface.0.network": "https://www.googleapis.com/compute/v1/projects/docker-2-215117/global/networks/default",
                            "network_interface.0.network_ip": "10.132.0.3",
                            "network_interface.0.subnetwork": "https://www.googleapis.com/compute/v1/projects/docker-2-215117/regions/europe-west1/subnetworks/default",
                            "network_interface.0.subnetwork_project": "docker-2-215117",
                            "project": "docker-2-215117",
                            "scheduling.#": "1",
                            "scheduling.0.automatic_restart": "true",
                            "scheduling.0.on_host_maintenance": "MIGRATE",
                            "scheduling.0.preemptible": "false",
                            "scratch_disk.#": "0",
                            "self_link": "https://www.googleapis.com/compute/v1/projects/docker-2-215117/zones/europe-west1-d/instances/docker-host-1",
                            "service_account.#": "0",
                            "tags.#": "1",
                            "tags.190833403": "docker-host",
                            "tags_fingerprint": "et0vOZ3yDj4=",
                            "zone": "europe-west1-d"
                        },
                        "meta": {
                            "schema_version": "6"
                        },
                        "tainted": false
                    },
                    "deposed": [],
                    "provider": "provider.google"
                },
                "google_compute_instance.dockerhost.2": {
                    "type": "google_compute_instance",
                    "depends_on": [],
                    "primary": {
                        "id": "docker-host-2",
                        "attributes": {
                            "attached_disk.#": "0",
                            "boot_disk.#": "1",
                            "boot_disk.0.auto_delete": "true",
                            "boot_disk.0.device_name": "persistent-disk-0",
                            "boot_disk.0.disk_encryption_key_raw": "",
                            "boot_disk.0.disk_encryption_key_sha256": "",
                            "boot_disk.0.initialize_params.#": "1",
                            "boot_disk.0.initialize_params.0.image": "ubuntu-1604-lts",
                            "boot_disk.0.initialize_params.0.size": "0",
                            "boot_disk.0.initialize_params.0.type": "",
                            "boot_disk.0.source": "https://www.googleapis.com/compute/v1/projects/docker-2-215117/zones/europe-west1-d/disks/docker-host-2",
                            "can_ip_forward": "false",
                            "cpu_platform": "Intel Haswell",
                            "create_timeout": "4",
                            "guest_accelerator.#": "0",
                            "id": "docker-host-2",
                            "instance_id": "291854587755693385",
                            "label_fingerprint": "42WmSpB8rSM=",
                            "machine_type": "n1-standard-1",
                            "metadata.%": "1",
                            "metadata.ssh-keys": "scouserandrew:ssh-rsa AAAAB3NzaC1yc2EAAAADAQABAAABAQDUKvz8x2ZF50Q+bn8MkZRQi8chfo40fRibrRWqeAH3NilPsLwWHCC8htV08xTyuPUrq/CnllwuakUOywM+Jt/J9DCD7Ehj+coR60W1nWOzNfN/xRbqbBzyIZYQl7Sm9zUPUdFSL7TkYgYDHePky8l8yPivT+VjtdEc+ojxjqCgcwA7omF9SzEzZnTN8Jg/wjpr17fp/1WQR9wEdL7BYhLLXYuSteNmuQrVQw5aFEVtJ31FXr1mvM9kqSY3DBk9JalZ6K/yKXE5kOV7+lo0flx3e3MEk3HixLtc73s2m/sDXDHtGzePWVRUCv/URygS5q5kkKJtGRHGeNuUJTqvlInb scouserandrew\n",
                            "metadata_fingerprint": "bZln85N08t0=",
                            "min_cpu_platform": "",
                            "name": "docker-host-2",
                            "network_interface.#": "1",
                            "network_interface.0.access_config.#": "1",
                            "network_interface.0.access_config.0.assigned_nat_ip": "35.241.216.203",
                            "network_interface.0.access_config.0.nat_ip": "35.241.216.203",
                            "network_interface.0.address": "10.132.0.4",
                            "network_interface.0.alias_ip_range.#": "0",
                            "network_interface.0.name": "nic0",
                            "network_interface.0.network": "https://www.googleapis.com/compute/v1/projects/docker-2-215117/global/networks/default",
                            "network_interface.0.network_ip": "10.132.0.4",
                            "network_interface.0.subnetwork": "https://www.googleapis.com/compute/v1/projects/docker-2-215117/regions/europe-west1/subnetworks/default",
                            "network_interface.0.subnetwork_project": "docker-2-215117",
                            "project": "docker-2-215117",
                            "scheduling.#": "1",
                            "scheduling.0.automatic_restart": "true",
                            "scheduling.0.on_host_maintenance": "MIGRATE",
                            "scheduling.0.preemptible": "false",
                            "scratch_disk.#": "0",
                            "self_link": "https://www.googleapis.com/compute/v1/projects/docker-2-215117/zones/europe-west1-d/instances/docker-host-2",
                            "service_account.#": "0",
                            "tags.#": "1",
                            "tags.190833403": "docker-host",
                            "tags_fingerprint": "et0vOZ3yDj4=",
                            "zone": "europe-west1-d"
                        },
                        "meta": {
                            "schema_version": "6"
                        },
                        "tainted": false
                    },
                    "deposed": [],
                    "provider": "provider.google"
                }
            },
            "depends_on": []
        }
    ]
}
